
Microsoft Visual Studio Solution File, Format Version 12.00
# Visual Studio 2012
Project("{FAE04EC0-301F-11D3-BF4B-00C04F79EFBC}") = "LettuceIOS", "LettuceIOS\LettuceIOS.csproj", "{C2A9773D-F0C7-430F-A819-0E761A6789AF}"
EndProject
Project("{FAE04EC0-301F-11D3-BF4B-00C04F79EFBC}") = "LettuceIOS.UITests", "LettuceIOS.UITests\LettuceIOS.UITests.csproj", "{862A146C-4959-4595-A039-EEDDF4E55A29}"
EndProject
Project("{FAE04EC0-301F-11D3-BF4B-00C04F79EFBC}") = "LettuceAndroid", "LettuceAndroid\LettuceAndroid.csproj", "{81374510-5A4D-456C-A684-72F9D3CCBE1D}"
EndProject
Project("{FAE04EC0-301F-11D3-BF4B-00C04F79EFBC}") = "LettuceAndroid.UITests", "LettuceAndroid.UITests\LettuceAndroid.UITests.csproj", "{A04CCEDB-0C60-404D-A28C-4082E2F9DF3D}"
EndProject
Global
	GlobalSection(SolutionConfigurationPlatforms) = preSolution
		Debug|iPhoneSimulator = Debug|iPhoneSimulator
		Release|iPhone = Release|iPhone
		Release|iPhoneSimulator = Release|iPhoneSimulator
		Debug|iPhone = Debug|iPhone
		Debug|Any CPU = Debug|Any CPU
		Release|Any CPU = Release|Any CPU
	EndGlobalSection
	GlobalSection(ProjectConfigurationPlatforms) = postSolution
		{81374510-5A4D-456C-A684-72F9D3CCBE1D}.Debug|Any CPU.ActiveCfg = Debug|Any CPU
		{81374510-5A4D-456C-A684-72F9D3CCBE1D}.Debug|Any CPU.Build.0 = Debug|Any CPU
		{81374510-5A4D-456C-A684-72F9D3CCBE1D}.Debug|iPhone.ActiveCfg = Debug|Any CPU
		{81374510-5A4D-456C-A684-72F9D3CCBE1D}.Debug|iPhone.Build.0 = Debug|Any CPU
		{81374510-5A4D-456C-A684-72F9D3CCBE1D}.Debug|iPhoneSimulator.ActiveCfg = Debug|Any CPU
		{81374510-5A4D-456C-A684-72F9D3CCBE1D}.Debug|iPhoneSimulator.Build.0 = Debug|Any CPU
		{81374510-5A4D-456C-A684-72F9D3CCBE1D}.Release|Any CPU.ActiveCfg = Release|Any CPU
		{81374510-5A4D-456C-A684-72F9D3CCBE1D}.Release|Any CPU.Build.0 = Release|Any CPU
		{81374510-5A4D-456C-A684-72F9D3CCBE1D}.Release|iPhone.ActiveCfg = Release|Any CPU
		{81374510-5A4D-456C-A684-72F9D3CCBE1D}.Release|iPhone.Build.0 = Release|Any CPU
		{81374510-5A4D-456C-A684-72F9D3CCBE1D}.Release|iPhoneSimulator.ActiveCfg = Release|Any CPU
		{81374510-5A4D-456C-A684-72F9D3CCBE1D}.Release|iPhoneSimulator.Build.0 = Release|Any CPU
		{862A146C-4959-4595-A039-EEDDF4E55A29}.Debug|Any CPU.ActiveCfg = Debug|Any CPU
		{862A146C-4959-4595-A039-EEDDF4E55A29}.Debug|Any CPU.Build.0 = Debug|Any CPU
		{862A146C-4959-4595-A039-EEDDF4E55A29}.Debug|iPhone.ActiveCfg = Debug|Any CPU
		{862A146C-4959-4595-A039-EEDDF4E55A29}.Debug|iPhone.Build.0 = Debug|Any CPU
		{862A146C-4959-4595-A039-EEDDF4E55A29}.Debug|iPhoneSimulator.ActiveCfg = Debug|Any CPU
		{862A146C-4959-4595-A039-EEDDF4E55A29}.Debug|iPhoneSimulator.Build.0 = Debug|Any CPU
		{862A146C-4959-4595-A039-EEDDF4E55A29}.Release|Any CPU.ActiveCfg = Release|Any CPU
		{862A146C-4959-4595-A039-EEDDF4E55A29}.Release|Any CPU.Build.0 = Release|Any CPU
		{862A146C-4959-4595-A039-EEDDF4E55A29}.Release|iPhone.ActiveCfg = Release|Any CPU
		{862A146C-4959-4595-A039-EEDDF4E55A29}.Release|iPhone.Build.0 = Release|Any CPU
		{862A146C-4959-4595-A039-EEDDF4E55A29}.Release|iPhoneSimulator.ActiveCfg = Release|Any CPU
		{862A146C-4959-4595-A039-EEDDF4E55A29}.Release|iPhoneSimulator.Build.0 = Release|Any CPU
		{A04CCEDB-0C60-404D-A28C-4082E2F9DF3D}.Debug|Any CPU.ActiveCfg = Debug|Any CPU
		{A04CCEDB-0C60-404D-A28C-4082E2F9DF3D}.Debug|Any CPU.Build.0 = Debug|Any CPU
		{A04CCEDB-0C60-404D-A28C-4082E2F9DF3D}.Debug|iPhone.ActiveCfg = Debug|Any CPU
		{A04CCEDB-0C60-404D-A28C-4082E2F9DF3D}.Debug|iPhone.Build.0 = Debug|Any CPU
		{A04CCEDB-0C60-404D-A28C-4082E2F9DF3D}.Debug|iPhoneSimulator.ActiveCfg = Debug|Any CPU
		{A04CCEDB-0C60-404D-A28C-4082E2F9DF3D}.Debug|iPhoneSimulator.Build.0 = Debug|Any CPU
		{A04CCEDB-0C60-404D-A28C-4082E2F9DF3D}.Release|Any CPU.ActiveCfg = Release|Any CPU
		{A04CCEDB-0C60-404D-A28C-4082E2F9DF3D}.Release|Any CPU.Build.0 = Release|Any CPU
		{A04CCEDB-0C60-404D-A28C-4082E2F9DF3D}.Release|iPhone.ActiveCfg = Release|Any CPU
		{A04CCEDB-0C60-404D-A28C-4082E2F9DF3D}.Release|iPhone.Build.0 = Release|Any CPU
		{A04CCEDB-0C60-404D-A28C-4082E2F9DF3D}.Release|iPhoneSimulator.ActiveCfg = Release|Any CPU
		{A04CCEDB-0C60-404D-A28C-4082E2F9DF3D}.Release|iPhoneSimulator.Build.0 = Release|Any CPU
		{C2A9773D-F0C7-430F-A819-0E761A6789AF}.Debug|Any CPU.ActiveCfg = Debug|iPhoneSimulator
		{C2A9773D-F0C7-430F-A819-0E761A6789AF}.Debug|Any CPU.Build.0 = Debug|iPhoneSimulator
		{C2A9773D-F0C7-430F-A819-0E761A6789AF}.Debug|iPhone.ActiveCfg = Debug|iPhone
		{C2A9773D-F0C7-430F-A819-0E761A6789AF}.Debug|iPhone.Build.0 = Debug|iPhone
		{C2A9773D-F0C7-430F-A819-0E761A6789AF}.Debug|iPhoneSimulator.ActiveCfg = Debug|iPhoneSimulator
		{C2A9773D-F0C7-430F-A819-0E761A6789AF}.Debug|iPhoneSimulator.Build.0 = Debug|iPhoneSimulator
		{C2A9773D-F0C7-430F-A819-0E761A6789AF}.Release|Any CPU.ActiveCfg = Release|iPhone
		{C2A9773D-F0C7-430F-A819-0E761A6789AF}.Release|Any CPU.Build.0 = Release|iPhone
		{C2A9773D-F0C7-430F-A819-0E761A6789AF}.Release|iPhone.ActiveCfg = Release|iPhone
		{C2A9773D-F0C7-430F-A819-0E761A6789AF}.Release|iPhone.Build.0 = Release|iPhone
		{C2A9773D-F0C7-430F-A819-0E761A6789AF}.Release|iPhoneSimulator.ActiveCfg = Release|iPhoneSimulator
		{C2A9773D-F0C7-430F-A819-0E761A6789AF}.Release|iPhoneSimulator.Build.0 = Release|iPhoneSimulator
	EndGlobalSection
EndGlobal
